// !$*UTF8*$!
{
	archiveVersion = 1;
	classes = {
	};
	objectVersion = 50;
	objects = {

/* Begin PBXBuildFile section */
		46355CAD210B18B500FA461A /* AppDelegate.swift in Sources */ = {isa = PBXBuildFile; fileRef = 46355CAC210B18B500FA461A /* AppDelegate.swift */; };
		46355CAF210B18B500FA461A /* ViewController.swift in Sources */ = {isa = PBXBuildFile; fileRef = 46355CAE210B18B500FA461A /* ViewController.swift */; };
		46355CB2210B18B500FA461A /* Main.storyboard in Resources */ = {isa = PBXBuildFile; fileRef = 46355CB0210B18B500FA461A /* Main.storyboard */; };
		46355CB4210B18B900FA461A /* Assets.xcassets in Resources */ = {isa = PBXBuildFile; fileRef = 46355CB3210B18B900FA461A /* Assets.xcassets */; };
		46355CB7210B18B900FA461A /* LaunchScreen.storyboard in Resources */ = {isa = PBXBuildFile; fileRef = 46355CB5210B18B900FA461A /* LaunchScreen.storyboard */; };
		46355CC2210B18BA00FA461A /* gittest23Tests.swift in Sources */ = {isa = PBXBuildFile; fileRef = 46355CC1210B18BA00FA461A /* gittest23Tests.swift */; };
		46355CCD210B18BA00FA461A /* gittest23UITests.swift in Sources */ = {isa = PBXBuildFile; fileRef = 46355CCC210B18BA00FA461A /* gittest23UITests.swift */; };
/* End PBXBuildFile section */

/* Begin PBXContainerItemProxy section */
		46355CBE210B18B900FA461A /* PBXContainerItemProxy */ = {
			isa = PBXContainerItemProxy;
			containerPortal = 46355CA1210B18B500FA461A /* Project object */;
			proxyType = 1;
			remoteGlobalIDString = 46355CA8210B18B500FA461A;
			remoteInfo = gittest23;
		};
		46355CC9210B18BA00FA461A /* PBXContainerItemProxy */ = {
			isa = PBXContainerItemProxy;
			containerPortal = 46355CA1210B18B500FA461A /* Project object */;
			proxyType = 1;
			remoteGlobalIDString = 46355CA8210B18B500FA461A;
			remoteInfo = gittest23;
		};
/* End PBXContainerItemProxy section */

/* Begin PBXFileReference section */
		46355CA9210B18B500FA461A /* gittest23.app */ = {isa = PBXFileReference; explicitFileType = wrapper.application; includeInIndex = 0; path = gittest23.app; sourceTree = BUILT_PRODUCTS_DIR; };
		46355CAC210B18B500FA461A /* AppDelegate.swift */ = {isa = PBXFileReference; lastKnownFileType = sourcecode.swift; path = AppDelegate.swift; sourceTree = "<group>"; };
		46355CAE210B18B500FA461A /* ViewController.swift */ = {isa = PBXFileReference; lastKnownFileType = sourcecode.swift; path = ViewController.swift; sourceTree = "<group>"; };
		46355CB1210B18B500FA461A /* Base */ = {isa = PBXFileReference; lastKnownFileType = file.storyboard; name = Base; path = Base.lproj/Main.storyboard; sourceTree = "<group>"; };
		46355CB3210B18B900FA461A /* Assets.xcassets */ = {isa = PBXFileReference; lastKnownFileType = folder.assetcatalog; path = Assets.xcassets; sourceTree = "<group>"; };
		46355CB6210B18B900FA461A /* Base */ = {isa = PBXFileReference; lastKnownFileType = file.storyboard; name = Base; path = Base.lproj/LaunchScreen.storyboard; sourceTree = "<group>"; };
		46355CB8210B18B900FA461A /* Info.plist */ = {isa = PBXFileReference; lastKnownFileType = text.plist.xml; path = Info.plist; sourceTree = "<group>"; };
		46355CBD210B18B900FA461A /* gittest23Tests.xctest */ = {isa = PBXFileReference; explicitFileType = wrapper.cfbundle; includeInIndex = 0; path = gittest23Tests.xctest; sourceTree = BUILT_PRODUCTS_DIR; };
		46355CC1210B18BA00FA461A /* gittest23Tests.swift */ = {isa = PBXFileReference; lastKnownFileType = sourcecode.swift; path = gittest23Tests.swift; sourceTree = "<group>"; };
		46355CC3210B18BA00FA461A /* Info.plist */ = {isa = PBXFileReference; lastKnownFileType = text.plist.xml; path = Info.plist; sourceTree = "<group>"; };
		46355CC8210B18BA00FA461A /* gittest23UITests.xctest */ = {isa = PBXFileReference; explicitFileType = wrapper.cfbundle; includeInIndex = 0; path = gittest23UITests.xctest; sourceTree = BUILT_PRODUCTS_DIR; };
		46355CCC210B18BA00FA461A /* gittest23UITests.swift */ = {isa = PBXFileReference; lastKnownFileType = sourcecode.swift; path = gittest23UITests.swift; sourceTree = "<group>"; };
		46355CCE210B18BA00FA461A /* Info.plist */ = {isa = PBXFileReference; lastKnownFileType = text.plist.xml; path = Info.plist; sourceTree = "<group>"; };
/* End PBXFileReference section */

/* Begin PBXFrameworksBuildPhase section */
		46355CA6210B18B500FA461A /* Frameworks */ = {
			isa = PBXFrameworksBuildPhase;
			buildActionMask = 2147483647;
			files = (
			);
			runOnlyForDeploymentPostprocessing = 0;
		};
		46355CBA210B18B900FA461A /* Frameworks */ = {
			isa = PBXFrameworksBuildPhase;
			buildActionMask = 2147483647;
			files = (
			);
			runOnlyForDeploymentPostprocessing = 0;
		};
		46355CC5210B18BA00FA461A /* Frameworks */ = {
			isa = PBXFrameworksBuildPhase;
			buildActionMask = 2147483647;
			files = (
			);
			runOnlyForDeploymentPostprocessing = 0;
		};
/* End PBXFrameworksBuildPhase section */

/* Begin PBXGroup section */
		46355CA0210B18B500FA461A = {
			isa = PBXGroup;
			children = (
				46355CAB210B18B500FA461A /* gittest23 */,
				46355CC0210B18BA00FA461A /* gittest23Tests */,
				46355CCB210B18BA00FA461A /* gittest23UITests */,
				46355CAA210B18B500FA461A /* Products */,
			);
			sourceTree = "<group>";
		};
		46355CAA210B18B500FA461A /* Products */ = {
			isa = PBXGroup;
			children = (
				46355CA9210B18B500FA461A /* gittest23.app */,
				46355CBD210B18B900FA461A /* gittest23Tests.xctest */,
				46355CC8210B18BA00FA461A /* gittest23UITests.xctest */,
			);
			name = Products;
			sourceTree = "<group>";
		};
		46355CAB210B18B500FA461A /* gittest23 */ = {
			isa = PBXGroup;
			children = (
				46355CAC210B18B500FA461A /* AppDelegate.swift */,
				46355CAE210B18B500FA461A /* ViewController.swift */,
				46355CB0210B18B500FA461A /* Main.storyboard */,
				46355CB3210B18B900FA461A /* Assets.xcassets */,
				46355CB5210B18B900FA461A /* LaunchScreen.storyboard */,
				46355CB8210B18B900FA461A /* Info.plist */,
			);
			path = gittest23;
			sourceTree = "<group>";
		};
		46355CC0210B18BA00FA461A /* gittest23Tests */ = {
			isa = PBXGroup;
			children = (
				46355CC1210B18BA00FA461A /* gittest23Tests.swift */,
				46355CC3210B18BA00FA461A /* Info.plist */,
			);
			path = gittest23Tests;
			sourceTree = "<group>";
		};
		46355CCB210B18BA00FA461A /* gittest23UITests */ = {
			isa = PBXGroup;
			children = (
				46355CCC210B18BA00FA461A /* gittest23UITests.swift */,
				46355CCE210B18BA00FA461A /* Info.plist */,
			);
			path = gittest23UITests;
			sourceTree = "<group>";
		};
/* End PBXGroup section */

/* Begin PBXNativeTarget section */
		46355CA8210B18B500FA461A /* gittest23 */ = {
			isa = PBXNativeTarget;
			buildConfigurationList = 46355CD1210B18BA00FA461A /* Build configuration list for PBXNativeTarget "gittest23" */;
			buildPhases = (
				46355CA5210B18B500FA461A /* Sources */,
				46355CA6210B18B500FA461A /* Frameworks */,
				46355CA7210B18B500FA461A /* Resources */,
			);
			buildRules = (
			);
			dependencies = (
			);
			name = gittest23;
			productName = gittest23;
			productReference = 46355CA9210B18B500FA461A /* gittest23.app */;
			productType = "com.apple.product-type.application";
		};
		46355CBC210B18B900FA461A /* gittest23Tests */ = {
			isa = PBXNativeTarget;
			buildConfigurationList = 46355CD4210B18BA00FA461A /* Build configuration list for PBXNativeTarget "gittest23Tests" */;
			buildPhases = (
				46355CB9210B18B900FA461A /* Sources */,
				46355CBA210B18B900FA461A /* Frameworks */,
				46355CBB210B18B900FA461A /* Resources */,
			);
			buildRules = (
			);
			dependencies = (
				46355CBF210B18B900FA461A /* PBXTargetDependency */,
			);
			name = gittest23Tests;
			productName = gittest23Tests;
			productReference = 46355CBD210B18B900FA461A /* gittest23Tests.xctest */;
			productType = "com.apple.product-type.bundle.unit-test";
		};
		46355CC7210B18BA00FA461A /* gittest23UITests */ = {
			isa = PBXNativeTarget;
			buildConfigurationList = 46355CD7210B18BA00FA461A /* Build configuration list for PBXNativeTarget "gittest23UITests" */;
			buildPhases = (
				46355CC4210B18BA00FA461A /* Sources */,
				46355CC5210B18BA00FA461A /* Frameworks */,
				46355CC6210B18BA00FA461A /* Resources */,
			);
			buildRules = (
			);
			dependencies = (
				46355CCA210B18BA00FA461A /* PBXTargetDependency */,
			);
			name = gittest23UITests;
			productName = gittest23UITests;
			productReference = 46355CC8210B18BA00FA461A /* gittest23UITests.xctest */;
			productType = "com.apple.product-type.bundle.ui-testing";
		};
/* End PBXNativeTarget section */

/* Begin PBXProject section */
		46355CA1210B18B500FA461A /* Project object */ = {
			isa = PBXProject;
			attributes = {
				LastSwiftUpdateCheck = 0930;
				LastUpgradeCheck = 0930;
				ORGANIZATIONNAME = "Dan Ilinca";
				TargetAttributes = {
					46355CA8210B18B500FA461A = {
						CreatedOnToolsVersion = 9.3;
					};
					46355CBC210B18B900FA461A = {
						CreatedOnToolsVersion = 9.3;
						TestTargetID = 46355CA8210B18B500FA461A;
					};
					46355CC7210B18BA00FA461A = {
						CreatedOnToolsVersion = 9.3;
						TestTargetID = 46355CA8210B18B500FA461A;
					};
				};
			};
			buildConfigurationList = 46355CA4210B18B500FA461A /* Build configuration list for PBXProject "gittest23" */;
			compatibilityVersion = "Xcode 9.3";
			developmentRegion = en;
			hasScannedForEncodings = 0;
			knownRegions = (
				en,
				Base,
			);
			mainGroup = 46355CA0210B18B500FA461A;
			productRefGroup = 46355CAA210B18B500FA461A /* Products */;
			projectDirPath = "";
			projectRoot = "";
			targets = (
				46355CA8210B18B500FA461A /* gittest23 */,
				46355CBC210B18B900FA461A /* gittest23Tests */,
				46355CC7210B18BA00FA461A /* gittest23UITests */,
			);
		};
/* End PBXProject section */

/* Begin PBXResourcesBuildPhase section */
		46355CA7210B18B500FA461A /* Resources */ = {
			isa = PBXResourcesBuildPhase;
			buildActionMask = 2147483647;
			files = (
				46355CB7210B18B900FA461A /* LaunchScreen.storyboard in Resources */,
				46355CB4210B18B900FA461A /* Assets.xcassets in Resources */,
				46355CB2210B18B500FA461A /* Main.storyboard in Resources */,
			);
			runOnlyForDeploymentPostprocessing = 0;
		};
		46355CBB210B18B900FA461A /* Resources */ = {
			isa = PBXResourcesBuildPhase;
			buildActionMask = 2147483647;
			files = (
			);
			runOnlyForDeploymentPostprocessing = 0;
		};
		46355CC6210B18BA00FA461A /* Resources */ = {
			isa = PBXResourcesBuildPhase;
			buildActionMask = 2147483647;
			files = (
			);
			runOnlyForDeploymentPostprocessing = 0;
		};
/* End PBXResourcesBuildPhase section */

/* Begin PBXSourcesBuildPhase section */
		46355CA5210B18B500FA461A /* Sources */ = {
			isa = PBXSourcesBuildPhase;
			buildActionMask = 2147483647;
			files = (
				46355CAF210B18B500FA461A /* ViewController.swift in Sources */,
				46355CAD210B18B500FA461A /* AppDelegate.swift in Sources */,
			);
			runOnlyForDeploymentPostprocessing = 0;
		};
		46355CB9210B18B900FA461A /* Sources */ = {
			isa = PBXSourcesBuildPhase;
			buildActionMask = 2147483647;
			files = (
				46355CC2210B18BA00FA461A /* gittest23Tests.swift in Sources */,
			);
			runOnlyForDeploymentPostprocessing = 0;
		};
		46355CC4210B18BA00FA461A /* Sources */ = {
			isa = PBXSourcesBuildPhase;
			buildActionMask = 2147483647;
			files = (
				46355CCD210B18BA00FA461A /* gittest23UITests.swift in Sources */,
			);
			runOnlyForDeploymentPostprocessing = 0;
		};
/* End PBXSourcesBuildPhase section */

/* Begin PBXTargetDependency section */
		46355CBF210B18B900FA461A /* PBXTargetDependency */ = {
			isa = PBXTargetDependency;
			target = 46355CA8210B18B500FA461A /* gittest23 */;
			targetProxy = 46355CBE210B18B900FA461A /* PBXContainerItemProxy */;
		};
		46355CCA210B18BA00FA461A /* PBXTargetDependency */ = {
			isa = PBXTargetDependency;
			target = 46355CA8210B18B500FA461A /* gittest23 */;
			targetProxy = 46355CC9210B18BA00FA461A /* PBXContainerItemProxy */;
		};
/* End PBXTargetDependency section */

/* Begin PBXVariantGroup section */
		46355CB0210B18B500FA461A /* Main.storyboard */ = {
			isa = PBXVariantGroup;
			children = (
				46355CB1210B18B500FA461A /* Base */,
			);
			name = Main.storyboard;
			sourceTree = "<group>";
		};
		46355CB5210B18B900FA461A /* LaunchScreen.storyboard */ = {
			isa = PBXVariantGroup;
			children = (
				46355CB6210B18B900FA461A /* Base */,
			);
			name = LaunchScreen.storyboard;
			sourceTree = "<group>";
		};
/* End PBXVariantGroup section */

/* Begin XCBuildConfiguration section */
		46355CCF210B18BA00FA461A /* Debug */ = {
			isa = XCBuildConfiguration;
			buildSettings = {
				ALWAYS_SEARCH_USER_PATHS = NO;
				CLANG_ANALYZER_NONNULL = YES;
				CLANG_ANALYZER_NUMBER_OBJECT_CONVERSION = YES_AGGRESSIVE;
				CLANG_CXX_LANGUAGE_STANDARD = "gnu++14";
				CLANG_CXX_LIBRARY = "libc++";
				CLANG_ENABLE_MODULES = YES;
				CLANG_ENABLE_OBJC_ARC = YES;
				CLANG_ENABLE_OBJC_WEAK = YES;
				CLANG_WARN_BLOCK_CAPTURE_AUTORELEASING = YES;
				CLANG_WARN_BOOL_CONVERSION = YES;
				CLANG_WARN_COMMA = YES;
				CLANG_WARN_CONSTANT_CONVERSION = YES;
				CLANG_WARN_DEPRECATED_OBJC_IMPLEMENTATIONS = YES;
				CLANG_WARN_DIRECT_OBJC_ISA_USAGE = YES_ERROR;
				CLANG_WARN_DOCUMENTATION_COMMENTS = YES;
				CLANG_WARN_EMPTY_BODY = YES;
				CLANG_WARN_ENUM_CONVERSION = YES;
				CLANG_WARN_INFINITE_RECURSION = YES;
				CLANG_WARN_INT_CONVERSION = YES;
				CLANG_WARN_NON_LITERAL_NULL_CONVERSION = YES;
				CLANG_WARN_OBJC_IMPLICIT_RETAIN_SELF = YES;
				CLANG_WARN_OBJC_LITERAL_CONVERSION = YES;
				CLANG_WARN_OBJC_ROOT_CLASS = YES_ERROR;
				CLANG_WARN_RANGE_LOOP_ANALYSIS = YES;
				CLANG_WARN_STRICT_PROTOTYPES = YES;
				CLANG_WARN_SUSPICIOUS_MOVE = YES;
				CLANG_WARN_UNGUARDED_AVAILABILITY = YES_AGGRESSIVE;
				CLANG_WARN_UNREACHABLE_CODE = YES;
				CLANG_WARN__DUPLICATE_METHOD_MATCH = YES;
				CODE_SIGN_IDENTITY = "iPhone Developer";
				COPY_PHASE_STRIP = NO;
				DEBUG_INFORMATION_FORMAT = dwarf;
				ENABLE_STRICT_OBJC_MSGSEND = YES;
				ENABLE_TESTABILITY = YES;
				GCC_C_LANGUAGE_STANDARD = gnu11;
				GCC_DYNAMIC_NO_PIC = NO;
				GCC_NO_COMMON_BLOCKS = YES;
				GCC_OPTIMIZATION_LEVEL = 0;
				GCC_PREPROCESSOR_DEFINITIONS = (
					"DEBUG=1",
					"$(inherited)",
				);
				GCC_WARN_64_TO_32_BIT_CONVERSION = YES;
				GCC_WARN_ABOUT_RETURN_TYPE = YES_ERROR;
				GCC_WARN_UNDECLARED_SELECTOR = YES;
				GCC_WARN_UNINITIALIZED_AUTOS = YES_AGGRESSIVE;
				GCC_WARN_UNUSED_FUNCTION = YES;
				GCC_WARN_UNUSED_VARIABLE = YES;
				IPHONEOS_DEPLOYMENT_TARGET = 11.3;
				MTL_ENABLE_DEBUG_INFO = YES;
				ONLY_ACTIVE_ARCH = YES;
				SDKROOT = iphoneos;
				SWIFT_ACTIVE_COMPILATION_CONDITIONS = DEBUG;
				SWIFT_OPTIMIZATION_LEVEL = "-Onone";
			};
			name = Debug;
		};
		46355CD0210B18BA00FA461A /* Release */ = {
			isa = XCBuildConfiguration;
			buildSettings = {
				ALWAYS_SEARCH_USER_PATHS = NO;
				CLANG_ANALYZER_NONNULL = YES;
				CLANG_ANALYZER_NUMBER_OBJECT_CONVERSION = YES_AGGRESSIVE;
				CLANG_CXX_LANGUAGE_STANDARD = "gnu++14";
				CLANG_CXX_LIBRARY = "libc++";
				CLANG_ENABLE_MODULES = YES;
				CLANG_ENABLE_OBJC_ARC = YES;
				CLANG_ENABLE_OBJC_WEAK = YES;
				CLANG_WARN_BLOCK_CAPTURE_AUTORELEASING = YES;
				CLANG_WARN_BOOL_CONVERSION = YES;
				CLANG_WARN_COMMA = YES;
				CLANG_WARN_CONSTANT_CONVERSION = YES;
				CLANG_WARN_DEPRECATED_OBJC_IMPLEMENTATIONS = YES;
				CLANG_WARN_DIRECT_OBJC_ISA_USAGE = YES_ERROR;
				CLANG_WARN_DOCUMENTATION_COMMENTS = YES;
				CLANG_WARN_EMPTY_BODY = YES;
				CLANG_WARN_ENUM_CONVERSION = YES;
				CLANG_WARN_INFINITE_RECURSION = YES;
				CLANG_WARN_INT_CONVERSION = YES;
				CLANG_WARN_NON_LITERAL_NULL_CONVERSION = YES;
				CLANG_WARN_OBJC_IMPLICIT_RETAIN_SELF = YES;
				CLANG_WARN_OBJC_LITERAL_CONVERSION = YES;
				CLANG_WARN_OBJC_ROOT_CLASS = YES_ERROR;
				CLANG_WARN_RANGE_LOOP_ANALYSIS = YES;
				CLANG_WARN_STRICT_PROTOTYPES = YES;
				CLANG_WARN_SUSPICIOUS_MOVE = YES;
				CLANG_WARN_UNGUARDED_AVAILABILITY = YES_AGGRESSIVE;
				CLANG_WARN_UNREACHABLE_CODE = YES;
				CLANG_WARN__DUPLICATE_METHOD_MATCH = YES;
				CODE_SIGN_IDENTITY = "iPhone Developer";
				COPY_PHASE_STRIP = NO;
				DEBUG_INFORMATION_FORMAT = "dwarf-with-dsym";
				ENABLE_NS_ASSERTIONS = NO;
				ENABLE_STRICT_OBJC_MSGSEND = YES;
				GCC_C_LANGUAGE_STANDARD = gnu11;
				GCC_NO_COMMON_BLOCKS = YES;
				GCC_WARN_64_TO_32_BIT_CONVERSION = YES;
				GCC_WARN_ABOUT_RETURN_TYPE = YES_ERROR;
				GCC_WARN_UNDECLARED_SELECTOR = YES;
				GCC_WARN_UNINITIALIZED_AUTOS = YES_AGGRESSIVE;
				GCC_WARN_UNUSED_FUNCTION = YES;
				GCC_WARN_UNUSED_VARIABLE = YES;
				IPHONEOS_DEPLOYMENT_TARGET = 11.3;
				MTL_ENABLE_DEBUG_INFO = NO;
				SDKROOT = iphoneos;
				SWIFT_COMPILATION_MODE = wholemodule;
				SWIFT_OPTIMIZATION_LEVEL = "-O";
				VALIDATE_PRODUCT = YES;
			};
			name = Release;
		};
		46355CD2210B18BA00FA461A /* Debug */ = {
			isa = XCBuildConfiguration;
			buildSettings = {
				ASSETCATALOG_COMPILER_APPICON_NAME = AppIcon;
				CODE_SIGN_STYLE = Automatic;
				DEVELOPMENT_TEAM = 3269292FT4;
				INFOPLIST_FILE = gittest23/Info.plist;
				LD_RUNPATH_SEARCH_PATHS = (
					"$(inherited)",
					"@executable_path/Frameworks",
				);
				PRODUCT_BUNDLE_IDENTIFIER = test.myfirsyapp.gittest23;
				PRODUCT_NAME = "$(TARGET_NAME)";
				SWIFT_VERSION = 4.0;
				TARGETED_DEVICE_FAMILY = "1,2";
			};
			name = Debug;
		};
		46355CD3210B18BA00FA461A /* Release */ = {
			isa = XCBuildConfiguration;
			buildSettings = {
				ASSETCATALOG_COMPILER_APPICON_NAME = AppIcon;
				CODE_SIGN_STYLE = Automatic;
				DEVELOPMENT_TEAM = 3269292FT4;
				INFOPLIST_FILE = gittest23/Info.plist;
				LD_RUNPATH_SEARCH_PATHS = (
					"$(inherited)",
					"@executable_path/Frameworks",
				);
				PRODUCT_BUNDLE_IDENTIFIER = test.myfirsyapp.gittest23;
				PRODUCT_NAME = "$(TARGET_NAME)";
				SWIFT_VERSION = 4.0;
				TARGETED_DEVICE_FAMILY = "1,2";
			};
			name = Release;
		};
		46355CD5210B18BA00FA461A /* Debug */ = {
			isa = XCBuildConfiguration;
			buildSettings = {
				ALWAYS_EMBED_SWIFT_STANDARD_LIBRARIES = YES;
				BUNDLE_LOADER = "$(TEST_HOST)";
				CODE_SIGN_STYLE = Automatic;
				DEVELOPMENT_TEAM = 3269292FT4;
				INFOPLIST_FILE = gittest23Tests/Info.plist;
				LD_RUNPATH_SEARCH_PATHS = (
					"$(inherited)",
					"@executable_path/Frameworks",
					"@loader_path/Frameworks",
				);
				PRODUCT_BUNDLE_IDENTIFIER = test.myfirsyapp.gittest23Tests;
				PRODUCT_NAME = "$(TARGET_NAME)";
				SWIFT_VERSION = 4.0;
				TARGETED_DEVICE_FAMILY = "1,2";
				TEST_HOST = "$(BUILT_PRODUCTS_DIR)/gittest23.app/gittest23";
			};
			name = Debug;
		};
		46355CD6210B18BA00FA461A /* Release */ = {
			isa = XCBuildConfiguration;
			buildSettings = {
				ALWAYS_EMBED_SWIFT_STANDARD_LIBRARIES = YES;
				BUNDLE_LOADER = "$(TEST_HOST)";
				CODE_SIGN_STYLE = Automatic;
				DEVELOPMENT_TEAM = 3269292FT4;
				INFOPLIST_FILE = gittest23Tests/Info.plist;
				LD_RUNPATH_SEARCH_PATHS = (
					"$(inherited)",
					"@executable_path/Frameworks",
					"@loader_path/Frameworks",
				);
				PRODUCT_BUNDLE_IDENTIFIER = test.myfirsyapp.gittest23Tests;
				PRODUCT_NAME = "$(TARGET_NAME)";
				SWIFT_VERSION = 4.0;
				TARGETED_DEVICE_FAMILY = "1,2";
				TEST_HOST = "$(BUILT_PRODUCTS_DIR)/gittest23.app/gittest23";
			};
			name = Release;
		};
		46355CD8210B18BA00FA461A /* Debug */ = {
			isa = XCBuildConfiguration;
			buildSettings = {
				ALWAYS_EMBED_SWIFT_STANDARD_LIBRARIES = YES;
				CODE_SIGN_STYLE = Automatic;
				DEVELOPMENT_TEAM = 3269292FT4;
				INFOPLIST_FILE = gittest23UITests/Info.plist;
				LD_RUNPATH_SEARCH_PATHS = (
					"$(inherited)",
					"@executable_path/Frameworks",
					"@loader_path/Frameworks",
				);
				PRODUCT_BUNDLE_IDENTIFIER = test.myfirsyapp.gittest23UITests;
				PRODUCT_NAME = "$(TARGET_NAME)";
				SWIFT_VERSION = 4.0;
				TARGETED_DEVICE_FAMILY = "1,2";
				TEST_TARGET_NAME = gittest23;
			};
			name = Debug;
		};
		46355CD9210B18BA00FA461A /* Release */ = {
			isa = XCBuildConfiguration;
			buildSettings = {
				ALWAYS_EMBED_SWIFT_STANDARD_LIBRARIES = YES;
				CODE_SIGN_STYLE = Automatic;
				DEVELOPMENT_TEAM = 3269292FT4;
				INFOPLIST_FILE = gittest23UITests/Info.plist;
				LD_RUNPATH_SEARCH_PATHS = (
					"$(inherited)",
					"@executable_path/Frameworks",
					"@loader_path/Frameworks",
				);
				PRODUCT_BUNDLE_IDENTIFIER = test.myfirsyapp.gittest23UITests;
				PRODUCT_NAME = "$(TARGET_NAME)";
				SWIFT_VERSION = 4.0;
				TARGETED_DEVICE_FAMILY = "1,2";
				TEST_TARGET_NAME = gittest23;
			};
			name = Release;
		};
/* End XCBuildConfiguration section */

/* Begin XCConfigurationList section */
		46355CA4210B18B500FA461A /* Build configuration list for PBXProject "gittest23" */ = {
			isa = XCConfigurationList;
			buildConfigurations = (
				46355CCF210B18BA00FA461A /* Debug */,
				46355CD0210B18BA00FA461A /* Release */,
			);
			defaultConfigurationIsVisible = 0;
			defaultConfigurationName = Release;
		};
		46355CD1210B18BA00FA461A /* Build configuration list for PBXNativeTarget "gittest23" */ = {
			isa = XCConfigurationList;
			buildConfigurations = (
				46355CD2210B18BA00FA461A /* Debug */,
				46355CD3210B18BA00FA461A /* Release */,
			);
			defaultConfigurationIsVisible = 0;
			defaultConfigurationName = Release;
		};
		46355CD4210B18BA00FA461A /* Build configuration list for PBXNativeTarget "gittest23Tests" */ = {
			isa = XCConfigurationList;
			buildConfigurations = (
				46355CD5210B18BA00FA461A /* Debug */,
				46355CD6210B18BA00FA461A /* Release */,
			);
			defaultConfigurationIsVisible = 0;
			defaultConfigurationName = Release;
		};
		46355CD7210B18BA00FA461A /* Build configuration list for PBXNativeTarget "gittest23UITests" */ = {
			isa = XCConfigurationList;
			buildConfigurations = (
				46355CD8210B18BA00FA461A /* Debug */,
				46355CD9210B18BA00FA461A /* Release */,
			);
			defaultConfigurationIsVisible = 0;
			defaultConfigurationName = Release;
		};
/* End XCConfigurationList section */
	};
	rootObject = 46355CA1210B18B500FA461A /* Project object */;
}
